# THIS IS AN AUTOGENERATED FILE. DO NOT EDIT THIS FILE DIRECTLY.
# yarn lockfile v1


"@vant/weapp@^1.1.0":
  version "1.1.0"
  resolved "https://registry.yarnpkg.com/@vant/weapp/-/weapp-1.1.0.tgz#8f4cc3614af516df6f5bc847dc85c946b5389f85"
  integrity sha512-OfYxGo96Ui9a5YfTBtTY3+Ox0PHpzQ+BprvcT0Rbe9rhiaiunIEcmo+cZ1280ES74Y9dnsGf10IjnX5D8Z6sww==

miniprogram-api-typings@^2.8.3-1:
  version "2.10.3"
  resolved "https://registry.yarnpkg.com/miniprogram-api-typings/-/miniprogram-api-typings-2.10.3.tgz#68597092d88176c95674ff20c09816f63b329089"
  integrity sha512-1YQlAnqTggbQrNGaAl5ydlt3p+IiNawO+uNumcJCi16iLh0UQDAKp1F3h5+Wsk34YZbMHNwVMjbW5vJXGz8kdQ==

typescript@^3.8.3:
  version "3.8.3"
  resolved "https://registry.yarnpkg.com/typescript/-/typescript-3.8.3.tgz#409eb8544ea0335711205869ec458ab109ee1061"
  integrity sha512-MYlEfn5VrLNsgudQTVJeNaQFUAI7DkhnOjdpAp4T+ku1TfQClewlbSuTVHiA+8skNBgaf02TL/kLOvig4y3G8w==
